
Microsoft Visual Studio Solution File, Format Version 12.00
# Visual Studio Version 17
VisualStudioVersion = 17.4.33213.308
MinimumVisualStudioVersion = 10.0.40219.1
Project("{FAE04EC0-301F-11D3-BF4B-00C04F79EFBC}") = "ProjetoTI18N", "ProjetoTI18N\ProjetoTI18N.csproj", "{A8FEE82A-4C00-43AA-AE9B-F885D9684B6F}"
EndProject
Global
	GlobalSection(SolutionConfigurationPlatforms) = preSolution
		Debug|Any CPU = Debug|Any CPU
		Release|Any CPU = Release|Any CPU
	EndGlobalSection
	GlobalSection(ProjectConfigurationPlatforms) = postSolution
		{A8FEE82A-4C00-43AA-AE9B-F885D9684B6F}.Debug|Any CPU.ActiveCfg = Debug|Any CPU
		{A8FEE82A-4C00-43AA-AE9B-F885D9684B6F}.Debug|Any CPU.Build.0 = Debug|Any CPU
		{A8FEE82A-4C00-43AA-AE9B-F885D9684B6F}.Release|Any CPU.ActiveCfg = Release|Any CPU
		{A8FEE82A-4C00-43AA-AE9B-F885D9684B6F}.Release|Any CPU.Build.0 = Release|Any CPU
	EndGlobalSection
	GlobalSection(SolutionProperties) = preSolution
		HideSolutionNode = FALSE
	EndGlobalSection
	GlobalSection(ExtensibilityGlobals) = postSolution
		SolutionGuid = {FB1A5FB3-F6BC-4EB2-BDFA-E392FF9B3B2C}
	EndGlobalSection
EndGlobal
